// !$*UTF8*$!
{
	archiveVersion = 1;
	classes = {
	};
	objectVersion = 56;
	objects = {

/* Begin PBXBuildFile section */
		A78CD5BD2C59A3D70076C202 /* TinderCloneApp.swift in Sources */ = {isa = PBXBuildFile; fileRef = A78CD5BC2C59A3D70076C202 /* TinderCloneApp.swift */; };
		A78CD5BF2C59A3D70076C202 /* ContentView.swift in Sources */ = {isa = PBXBuildFile; fileRef = A78CD5BE2C59A3D70076C202 /* ContentView.swift */; };
		A78CD5C12C59A3D80076C202 /* Assets.xcassets in Resources */ = {isa = PBXBuildFile; fileRef = A78CD5C02C59A3D80076C202 /* Assets.xcassets */; };
		A78CD5C42C59A3D80076C202 /* Preview Assets.xcassets in Resources */ = {isa = PBXBuildFile; fileRef = A78CD5C32C59A3D80076C202 /* Preview Assets.xcassets */; };
		A78CD5CE2C59A3D80076C202 /* TinderCloneTests.swift in Sources */ = {isa = PBXBuildFile; fileRef = A78CD5CD2C59A3D80076C202 /* TinderCloneTests.swift */; };
		A78CD5D82C59A3D80076C202 /* TinderCloneUITests.swift in Sources */ = {isa = PBXBuildFile; fileRef = A78CD5D72C59A3D80076C202 /* TinderCloneUITests.swift */; };
		A78CD5DA2C59A3D80076C202 /* TinderCloneUITestsLaunchTests.swift in Sources */ = {isa = PBXBuildFile; fileRef = A78CD5D92C59A3D80076C202 /* TinderCloneUITestsLaunchTests.swift */; };
		A78CD5F12C59A4C30076C202 /* MainTabView.swift in Sources */ = {isa = PBXBuildFile; fileRef = A78CD5F02C59A4C30076C202 /* MainTabView.swift */; };
		A78CD5F42C59A6C40076C202 /* CardView.swift in Sources */ = {isa = PBXBuildFile; fileRef = A78CD5F32C59A6C40076C202 /* CardView.swift */; };
		A78CD5F62C59A9300076C202 /* UserInfoView.swift in Sources */ = {isa = PBXBuildFile; fileRef = A78CD5F52C59A9300076C202 /* UserInfoView.swift */; };
		A78CD5F82C59B4710076C202 /* SwipeActionIndicatorView.swift in Sources */ = {isa = PBXBuildFile; fileRef = A78CD5F72C59B4710076C202 /* SwipeActionIndicatorView.swift */; };
		A78CD5FB2C59BF450076C202 /* SizeConstants.swift in Sources */ = {isa = PBXBuildFile; fileRef = A78CD5FA2C59BF450076C202 /* SizeConstants.swift */; };
		A78CD5FD2C59C1050076C202 /* ImageScrollingOverlay.swift in Sources */ = {isa = PBXBuildFile; fileRef = A78CD5FC2C59C1050076C202 /* ImageScrollingOverlay.swift */; };
		A78CD5FF2C59C63C0076C202 /* CardImageIndicatorView.swift in Sources */ = {isa = PBXBuildFile; fileRef = A78CD5FE2C59C63C0076C202 /* CardImageIndicatorView.swift */; };
		A78CD6012C59C9860076C202 /* CardStackView.swift in Sources */ = {isa = PBXBuildFile; fileRef = A78CD6002C59C9860076C202 /* CardStackView.swift */; };
		A78CD6052C59CD950076C202 /* User.swift in Sources */ = {isa = PBXBuildFile; fileRef = A78CD6042C59CD950076C202 /* User.swift */; };
		A78CD6082C59CDF60076C202 /* CardModel.swift in Sources */ = {isa = PBXBuildFile; fileRef = A78CD6072C59CDF60076C202 /* CardModel.swift */; };
		A78CD60B2C59CF2E0076C202 /* CardsViewModel.swift in Sources */ = {isa = PBXBuildFile; fileRef = A78CD60A2C59CF2E0076C202 /* CardsViewModel.swift */; };
		A78CD60E2C59CF980076C202 /* CardService.swift in Sources */ = {isa = PBXBuildFile; fileRef = A78CD60D2C59CF980076C202 /* CardService.swift */; };
		A78CD6112C59D0810076C202 /* MockData.swift in Sources */ = {isa = PBXBuildFile; fileRef = A78CD6102C59D0810076C202 /* MockData.swift */; };
/* End PBXBuildFile section */

/* Begin PBXContainerItemProxy section */
		A78CD5CA2C59A3D80076C202 /* PBXContainerItemProxy */ = {
			isa = PBXContainerItemProxy;
			containerPortal = A78CD5B12C59A3D70076C202 /* Project object */;
			proxyType = 1;
			remoteGlobalIDString = A78CD5B82C59A3D70076C202;
			remoteInfo = TinderClone;
		};
		A78CD5D42C59A3D80076C202 /* PBXContainerItemProxy */ = {
			isa = PBXContainerItemProxy;
			containerPortal = A78CD5B12C59A3D70076C202 /* Project object */;
			proxyType = 1;
			remoteGlobalIDString = A78CD5B82C59A3D70076C202;
			remoteInfo = TinderClone;
		};
/* End PBXContainerItemProxy section */

/* Begin PBXFileReference section */
		A78CD5B92C59A3D70076C202 /* TinderClone.app */ = {isa = PBXFileReference; explicitFileType = wrapper.application; includeInIndex = 0; path = TinderClone.app; sourceTree = BUILT_PRODUCTS_DIR; };
		A78CD5BC2C59A3D70076C202 /* TinderCloneApp.swift */ = {isa = PBXFileReference; lastKnownFileType = sourcecode.swift; path = TinderCloneApp.swift; sourceTree = "<group>"; };
		A78CD5BE2C59A3D70076C202 /* ContentView.swift */ = {isa = PBXFileReference; lastKnownFileType = sourcecode.swift; path = ContentView.swift; sourceTree = "<group>"; };
		A78CD5C02C59A3D80076C202 /* Assets.xcassets */ = {isa = PBXFileReference; lastKnownFileType = folder.assetcatalog; path = Assets.xcassets; sourceTree = "<group>"; };
		A78CD5C32C59A3D80076C202 /* Preview Assets.xcassets */ = {isa = PBXFileReference; lastKnownFileType = folder.assetcatalog; path = "Preview Assets.xcassets"; sourceTree = "<group>"; };
		A78CD5C92C59A3D80076C202 /* TinderCloneTests.xctest */ = {isa = PBXFileReference; explicitFileType = wrapper.cfbundle; includeInIndex = 0; path = TinderCloneTests.xctest; sourceTree = BUILT_PRODUCTS_DIR; };
		A78CD5CD2C59A3D80076C202 /* TinderCloneTests.swift */ = {isa = PBXFileReference; lastKnownFileType = sourcecode.swift; path = TinderCloneTests.swift; sourceTree = "<group>"; };
		A78CD5D32C59A3D80076C202 /* TinderCloneUITests.xctest */ = {isa = PBXFileReference; explicitFileType = wrapper.cfbundle; includeInIndex = 0; path = TinderCloneUITests.xctest; sourceTree = BUILT_PRODUCTS_DIR; };
		A78CD5D72C59A3D80076C202 /* TinderCloneUITests.swift */ = {isa = PBXFileReference; lastKnownFileType = sourcecode.swift; path = TinderCloneUITests.swift; sourceTree = "<group>"; };
		A78CD5D92C59A3D80076C202 /* TinderCloneUITestsLaunchTests.swift */ = {isa = PBXFileReference; lastKnownFileType = sourcecode.swift; path = TinderCloneUITestsLaunchTests.swift; sourceTree = "<group>"; };
		A78CD5F02C59A4C30076C202 /* MainTabView.swift */ = {isa = PBXFileReference; lastKnownFileType = sourcecode.swift; path = MainTabView.swift; sourceTree = "<group>"; };
		A78CD5F32C59A6C40076C202 /* CardView.swift */ = {isa = PBXFileReference; lastKnownFileType = sourcecode.swift; path = CardView.swift; sourceTree = "<group>"; };
		A78CD5F52C59A9300076C202 /* UserInfoView.swift */ = {isa = PBXFileReference; lastKnownFileType = sourcecode.swift; path = UserInfoView.swift; sourceTree = "<group>"; };
		A78CD5F72C59B4710076C202 /* SwipeActionIndicatorView.swift */ = {isa = PBXFileReference; lastKnownFileType = sourcecode.swift; path = SwipeActionIndicatorView.swift; sourceTree = "<group>"; };
		A78CD5FA2C59BF450076C202 /* SizeConstants.swift */ = {isa = PBXFileReference; lastKnownFileType = sourcecode.swift; path = SizeConstants.swift; sourceTree = "<group>"; };
		A78CD5FC2C59C1050076C202 /* ImageScrollingOverlay.swift */ = {isa = PBXFileReference; lastKnownFileType = sourcecode.swift; path = ImageScrollingOverlay.swift; sourceTree = "<group>"; };
		A78CD5FE2C59C63C0076C202 /* CardImageIndicatorView.swift */ = {isa = PBXFileReference; lastKnownFileType = sourcecode.swift; path = CardImageIndicatorView.swift; sourceTree = "<group>"; };
		A78CD6002C59C9860076C202 /* CardStackView.swift */ = {isa = PBXFileReference; lastKnownFileType = sourcecode.swift; path = CardStackView.swift; sourceTree = "<group>"; };
		A78CD6042C59CD950076C202 /* User.swift */ = {isa = PBXFileReference; lastKnownFileType = sourcecode.swift; path = User.swift; sourceTree = "<group>"; };
		A78CD6072C59CDF60076C202 /* CardModel.swift */ = {isa = PBXFileReference; lastKnownFileType = sourcecode.swift; path = CardModel.swift; sourceTree = "<group>"; };
		A78CD60A2C59CF2E0076C202 /* CardsViewModel.swift */ = {isa = PBXFileReference; lastKnownFileType = sourcecode.swift; path = CardsViewModel.swift; sourceTree = "<group>"; };
		A78CD60D2C59CF980076C202 /* CardService.swift */ = {isa = PBXFileReference; lastKnownFileType = sourcecode.swift; path = CardService.swift; sourceTree = "<group>"; };
		A78CD6102C59D0810076C202 /* MockData.swift */ = {isa = PBXFileReference; lastKnownFileType = sourcecode.swift; path = MockData.swift; sourceTree = "<group>"; };
/* End PBXFileReference section */

/* Begin PBXFrameworksBuildPhase section */
		A78CD5B62C59A3D70076C202 /* Frameworks */ = {
			isa = PBXFrameworksBuildPhase;
			buildActionMask = 2147483647;
			files = (
			);
			runOnlyForDeploymentPostprocessing = 0;
		};
		A78CD5C62C59A3D80076C202 /* Frameworks */ = {
			isa = PBXFrameworksBuildPhase;
			buildActionMask = 2147483647;
			files = (
			);
			runOnlyForDeploymentPostprocessing = 0;
		};
		A78CD5D02C59A3D80076C202 /* Frameworks */ = {
			isa = PBXFrameworksBuildPhase;
			buildActionMask = 2147483647;
			files = (
			);
			runOnlyForDeploymentPostprocessing = 0;
		};
/* End PBXFrameworksBuildPhase section */

/* Begin PBXGroup section */
		A78CD5B02C59A3D70076C202 = {
			isa = PBXGroup;
			children = (
				A78CD5BB2C59A3D70076C202 /* TinderClone */,
				A78CD5CC2C59A3D80076C202 /* TinderCloneTests */,
				A78CD5D62C59A3D80076C202 /* TinderCloneUITests */,
				A78CD5BA2C59A3D70076C202 /* Products */,
			);
			sourceTree = "<group>";
		};
		A78CD5BA2C59A3D70076C202 /* Products */ = {
			isa = PBXGroup;
			children = (
				A78CD5B92C59A3D70076C202 /* TinderClone.app */,
				A78CD5C92C59A3D80076C202 /* TinderCloneTests.xctest */,
				A78CD5D32C59A3D80076C202 /* TinderCloneUITests.xctest */,
			);
			name = Products;
			sourceTree = "<group>";
		};
		A78CD5BB2C59A3D70076C202 /* TinderClone */ = {
			isa = PBXGroup;
			children = (
				A78CD5EA2C59A42D0076C202 /* Utils */,
				A78CD5E92C59A4280076C202 /* Shared */,
				A78CD5E82C59A41D0076C202 /* Extensions */,
				A78CD5E72C59A40D0076C202 /* Core */,
				A78CD5E62C59A3F10076C202 /* App */,
				A78CD5BE2C59A3D70076C202 /* ContentView.swift */,
				A78CD5C02C59A3D80076C202 /* Assets.xcassets */,
				A78CD5C22C59A3D80076C202 /* Preview Content */,
			);
			path = TinderClone;
			sourceTree = "<group>";
		};
		A78CD5C22C59A3D80076C202 /* Preview Content */ = {
			isa = PBXGroup;
			children = (
				A78CD5C32C59A3D80076C202 /* Preview Assets.xcassets */,
			);
			path = "Preview Content";
			sourceTree = "<group>";
		};
		A78CD5CC2C59A3D80076C202 /* TinderCloneTests */ = {
			isa = PBXGroup;
			children = (
				A78CD5CD2C59A3D80076C202 /* TinderCloneTests.swift */,
			);
			path = TinderCloneTests;
			sourceTree = "<group>";
		};
		A78CD5D62C59A3D80076C202 /* TinderCloneUITests */ = {
			isa = PBXGroup;
			children = (
				A78CD5D72C59A3D80076C202 /* TinderCloneUITests.swift */,
				A78CD5D92C59A3D80076C202 /* TinderCloneUITestsLaunchTests.swift */,
			);
			path = TinderCloneUITests;
			sourceTree = "<group>";
		};
		A78CD5E62C59A3F10076C202 /* App */ = {
			isa = PBXGroup;
			children = (
				A78CD5BC2C59A3D70076C202 /* TinderCloneApp.swift */,
			);
			path = App;
			sourceTree = "<group>";
		};
		A78CD5E72C59A40D0076C202 /* Core */ = {
			isa = PBXGroup;
			children = (
				A78CD5EC2C59A4480076C202 /* Cards */,
				A78CD5EF2C59A45A0076C202 /* Messages */,
				A78CD5ED2C59A44E0076C202 /* Profile */,
				A78CD5EE2C59A4530076C202 /* Search */,
				A78CD5EB2C59A4430076C202 /* TabBar */,
			);
			path = Core;
			sourceTree = "<group>";
		};
		A78CD5E82C59A41D0076C202 /* Extensions */ = {
			isa = PBXGroup;
			children = (
			);
			path = Extensions;
			sourceTree = "<group>";
		};
		A78CD5E92C59A4280076C202 /* Shared */ = {
			isa = PBXGroup;
			children = (
				A78CD6022C59CD780076C202 /* Users */,
			);
			path = Shared;
			sourceTree = "<group>";
		};
		A78CD5EA2C59A42D0076C202 /* Utils */ = {
			isa = PBXGroup;
			children = (
				A78CD60F2C59D0650076C202 /* MockData */,
				A78CD5F92C59BF2E0076C202 /* Constants */,
			);
			path = Utils;
			sourceTree = "<group>";
		};
		A78CD5EB2C59A4430076C202 /* TabBar */ = {
			isa = PBXGroup;
			children = (
				A78CD5F02C59A4C30076C202 /* MainTabView.swift */,
			);
			path = TabBar;
			sourceTree = "<group>";
		};
		A78CD5EC2C59A4480076C202 /* Cards */ = {
			isa = PBXGroup;
			children = (
				A78CD60C2C59CF880076C202 /* Service */,
				A78CD6092C59CF1B0076C202 /* ViewModel */,
				A78CD6062C59CDEB0076C202 /* Model */,
				A78CD5F22C59A6B40076C202 /* View */,
			);
			path = Cards;
			sourceTree = "<group>";
		};
		A78CD5ED2C59A44E0076C202 /* Profile */ = {
			isa = PBXGroup;
			children = (
			);
			path = Profile;
			sourceTree = "<group>";
		};
		A78CD5EE2C59A4530076C202 /* Search */ = {
			isa = PBXGroup;
			children = (
			);
			path = Search;
			sourceTree = "<group>";
		};
		A78CD5EF2C59A45A0076C202 /* Messages */ = {
			isa = PBXGroup;
			children = (
			);
			path = Messages;
			sourceTree = "<group>";
		};
		A78CD5F22C59A6B40076C202 /* View */ = {
			isa = PBXGroup;
			children = (
				A78CD5F32C59A6C40076C202 /* CardView.swift */,
				A78CD5F52C59A9300076C202 /* UserInfoView.swift */,
				A78CD5F72C59B4710076C202 /* SwipeActionIndicatorView.swift */,
				A78CD5FC2C59C1050076C202 /* ImageScrollingOverlay.swift */,
				A78CD5FE2C59C63C0076C202 /* CardImageIndicatorView.swift */,
				A78CD6002C59C9860076C202 /* CardStackView.swift */,
			);
			path = View;
			sourceTree = "<group>";
		};
		A78CD5F92C59BF2E0076C202 /* Constants */ = {
			isa = PBXGroup;
			children = (
				A78CD5FA2C59BF450076C202 /* SizeConstants.swift */,
			);
			path = Constants;
			sourceTree = "<group>";
		};
		A78CD6022C59CD780076C202 /* Users */ = {
			isa = PBXGroup;
			children = (
				A78CD6032C59CD800076C202 /* Model */,
			);
			path = Users;
			sourceTree = "<group>";
		};
		A78CD6032C59CD800076C202 /* Model */ = {
			isa = PBXGroup;
			children = (
				A78CD6042C59CD950076C202 /* User.swift */,
			);
			path = Model;
			sourceTree = "<group>";
		};
		A78CD6062C59CDEB0076C202 /* Model */ = {
			isa = PBXGroup;
			children = (
				A78CD6072C59CDF60076C202 /* CardModel.swift */,
			);
			path = Model;
			sourceTree = "<group>";
		};
		A78CD6092C59CF1B0076C202 /* ViewModel */ = {
			isa = PBXGroup;
			children = (
				A78CD60A2C59CF2E0076C202 /* CardsViewModel.swift */,
			);
			path = ViewModel;
			sourceTree = "<group>";
		};
		A78CD60C2C59CF880076C202 /* Service */ = {
			isa = PBXGroup;
			children = (
				A78CD60D2C59CF980076C202 /* CardService.swift */,
			);
			path = Service;
			sourceTree = "<group>";
		};
		A78CD60F2C59D0650076C202 /* MockData */ = {
			isa = PBXGroup;
			children = (
				A78CD6102C59D0810076C202 /* MockData.swift */,
			);
			path = MockData;
			sourceTree = "<group>";
		};
/* End PBXGroup section */

/* Begin PBXNativeTarget section */
		A78CD5B82C59A3D70076C202 /* TinderClone */ = {
			isa = PBXNativeTarget;
			buildConfigurationList = A78CD5DD2C59A3D80076C202 /* Build configuration list for PBXNativeTarget "TinderClone" */;
			buildPhases = (
				A78CD5B52C59A3D70076C202 /* Sources */,
				A78CD5B62C59A3D70076C202 /* Frameworks */,
				A78CD5B72C59A3D70076C202 /* Resources */,
			);
			buildRules = (
			);
			dependencies = (
			);
			name = TinderClone;
			productName = TinderClone;
			productReference = A78CD5B92C59A3D70076C202 /* TinderClone.app */;
			productType = "com.apple.product-type.application";
		};
		A78CD5C82C59A3D80076C202 /* TinderCloneTests */ = {
			isa = PBXNativeTarget;
			buildConfigurationList = A78CD5E02C59A3D80076C202 /* Build configuration list for PBXNativeTarget "TinderCloneTests" */;
			buildPhases = (
				A78CD5C52C59A3D80076C202 /* Sources */,
				A78CD5C62C59A3D80076C202 /* Frameworks */,
				A78CD5C72C59A3D80076C202 /* Resources */,
			);
			buildRules = (
			);
			dependencies = (
				A78CD5CB2C59A3D80076C202 /* PBXTargetDependency */,
			);
			name = TinderCloneTests;
			productName = TinderCloneTests;
			productReference = A78CD5C92C59A3D80076C202 /* TinderCloneTests.xctest */;
			productType = "com.apple.product-type.bundle.unit-test";
		};
		A78CD5D22C59A3D80076C202 /* TinderCloneUITests */ = {
			isa = PBXNativeTarget;
			buildConfigurationList = A78CD5E32C59A3D80076C202 /* Build configuration list for PBXNativeTarget "TinderCloneUITests" */;
			buildPhases = (
				A78CD5CF2C59A3D80076C202 /* Sources */,
				A78CD5D02C59A3D80076C202 /* Frameworks */,
				A78CD5D12C59A3D80076C202 /* Resources */,
			);
			buildRules = (
			);
			dependencies = (
				A78CD5D52C59A3D80076C202 /* PBXTargetDependency */,
			);
			name = TinderCloneUITests;
			productName = TinderCloneUITests;
			productReference = A78CD5D32C59A3D80076C202 /* TinderCloneUITests.xctest */;
			productType = "com.apple.product-type.bundle.ui-testing";
		};
/* End PBXNativeTarget section */

/* Begin PBXProject section */
		A78CD5B12C59A3D70076C202 /* Project object */ = {
			isa = PBXProject;
			attributes = {
				BuildIndependentTargetsInParallel = 1;
				LastSwiftUpdateCheck = 1530;
				LastUpgradeCheck = 1530;
				TargetAttributes = {
					A78CD5B82C59A3D70076C202 = {
						CreatedOnToolsVersion = 15.3;
					};
					A78CD5C82C59A3D80076C202 = {
						CreatedOnToolsVersion = 15.3;
						TestTargetID = A78CD5B82C59A3D70076C202;
					};
					A78CD5D22C59A3D80076C202 = {
						CreatedOnToolsVersion = 15.3;
						TestTargetID = A78CD5B82C59A3D70076C202;
					};
				};
			};
			buildConfigurationList = A78CD5B42C59A3D70076C202 /* Build configuration list for PBXProject "TinderClone" */;
			compatibilityVersion = "Xcode 14.0";
			developmentRegion = en;
			hasScannedForEncodings = 0;
			knownRegions = (
				en,
				Base,
			);
			mainGroup = A78CD5B02C59A3D70076C202;
			productRefGroup = A78CD5BA2C59A3D70076C202 /* Products */;
			projectDirPath = "";
			projectRoot = "";
			targets = (
				A78CD5B82C59A3D70076C202 /* TinderClone */,
				A78CD5C82C59A3D80076C202 /* TinderCloneTests */,
				A78CD5D22C59A3D80076C202 /* TinderCloneUITests */,
			);
		};
/* End PBXProject section */

/* Begin PBXResourcesBuildPhase section */
		A78CD5B72C59A3D70076C202 /* Resources */ = {
			isa = PBXResourcesBuildPhase;
			buildActionMask = 2147483647;
			files = (
				A78CD5C42C59A3D80076C202 /* Preview Assets.xcassets in Resources */,
				A78CD5C12C59A3D80076C202 /* Assets.xcassets in Resources */,
			);
			runOnlyForDeploymentPostprocessing = 0;
		};
		A78CD5C72C59A3D80076C202 /* Resources */ = {
			isa = PBXResourcesBuildPhase;
			buildActionMask = 2147483647;
			files = (
			);
			runOnlyForDeploymentPostprocessing = 0;
		};
		A78CD5D12C59A3D80076C202 /* Resources */ = {
			isa = PBXResourcesBuildPhase;
			buildActionMask = 2147483647;
			files = (
			);
			runOnlyForDeploymentPostprocessing = 0;
		};
/* End PBXResourcesBuildPhase section */

/* Begin PBXSourcesBuildPhase section */
		A78CD5B52C59A3D70076C202 /* Sources */ = {
			isa = PBXSourcesBuildPhase;
			buildActionMask = 2147483647;
			files = (
				A78CD5FD2C59C1050076C202 /* ImageScrollingOverlay.swift in Sources */,
				A78CD60E2C59CF980076C202 /* CardService.swift in Sources */,
				A78CD5F12C59A4C30076C202 /* MainTabView.swift in Sources */,
				A78CD5F82C59B4710076C202 /* SwipeActionIndicatorView.swift in Sources */,
				A78CD6112C59D0810076C202 /* MockData.swift in Sources */,
				A78CD5BF2C59A3D70076C202 /* ContentView.swift in Sources */,
				A78CD5FF2C59C63C0076C202 /* CardImageIndicatorView.swift in Sources */,
				A78CD6082C59CDF60076C202 /* CardModel.swift in Sources */,
				A78CD6012C59C9860076C202 /* CardStackView.swift in Sources */,
				A78CD5F42C59A6C40076C202 /* CardView.swift in Sources */,
				A78CD5FB2C59BF450076C202 /* SizeConstants.swift in Sources */,
				A78CD5BD2C59A3D70076C202 /* TinderCloneApp.swift in Sources */,
				A78CD60B2C59CF2E0076C202 /* CardsViewModel.swift in Sources */,
				A78CD5F62C59A9300076C202 /* UserInfoView.swift in Sources */,
				A78CD6052C59CD950076C202 /* User.swift in Sources */,
			);
			runOnlyForDeploymentPostprocessing = 0;
		};
		A78CD5C52C59A3D80076C202 /* Sources */ = {
			isa = PBXSourcesBuildPhase;
			buildActionMask = 2147483647;
			files = (
				A78CD5CE2C59A3D80076C202 /* TinderCloneTests.swift in Sources */,
			);
			runOnlyForDeploymentPostprocessing = 0;
		};
		A78CD5CF2C59A3D80076C202 /* Sources */ = {
			isa = PBXSourcesBuildPhase;
			buildActionMask = 2147483647;
			files = (
				A78CD5DA2C59A3D80076C202 /* TinderCloneUITestsLaunchTests.swift in Sources */,
				A78CD5D82C59A3D80076C202 /* TinderCloneUITests.swift in Sources */,
			);
			runOnlyForDeploymentPostprocessing = 0;
		};
/* End PBXSourcesBuildPhase section */

/* Begin PBXTargetDependency section */
		A78CD5CB2C59A3D80076C202 /* PBXTargetDependency */ = {
			isa = PBXTargetDependency;
			target = A78CD5B82C59A3D70076C202 /* TinderClone */;
			targetProxy = A78CD5CA2C59A3D80076C202 /* PBXContainerItemProxy */;
		};
		A78CD5D52C59A3D80076C202 /* PBXTargetDependency */ = {
			isa = PBXTargetDependency;
			target = A78CD5B82C59A3D70076C202 /* TinderClone */;
			targetProxy = A78CD5D42C59A3D80076C202 /* PBXContainerItemProxy */;
		};
/* End PBXTargetDependency section */

/* Begin XCBuildConfiguration section */
		A78CD5DB2C59A3D80076C202 /* Debug */ = {
			isa = XCBuildConfiguration;
			buildSettings = {
				ALWAYS_SEARCH_USER_PATHS = NO;
				ASSETCATALOG_COMPILER_GENERATE_SWIFT_ASSET_SYMBOL_EXTENSIONS = YES;
				CLANG_ANALYZER_NONNULL = YES;
				CLANG_ANALYZER_NUMBER_OBJECT_CONVERSION = YES_AGGRESSIVE;
				CLANG_CXX_LANGUAGE_STANDARD = "gnu++20";
				CLANG_ENABLE_MODULES = YES;
				CLANG_ENABLE_OBJC_ARC = YES;
				CLANG_ENABLE_OBJC_WEAK = YES;
				CLANG_WARN_BLOCK_CAPTURE_AUTORELEASING = YES;
				CLANG_WARN_BOOL_CONVERSION = YES;
				CLANG_WARN_COMMA = YES;
				CLANG_WARN_CONSTANT_CONVERSION = YES;
				CLANG_WARN_DEPRECATED_OBJC_IMPLEMENTATIONS = YES;
				CLANG_WARN_DIRECT_OBJC_ISA_USAGE = YES_ERROR;
				CLANG_WARN_DOCUMENTATION_COMMENTS = YES;
				CLANG_WARN_EMPTY_BODY = YES;
				CLANG_WARN_ENUM_CONVERSION = YES;
				CLANG_WARN_INFINITE_RECURSION = YES;
				CLANG_WARN_INT_CONVERSION = YES;
				CLANG_WARN_NON_LITERAL_NULL_CONVERSION = YES;
				CLANG_WARN_OBJC_IMPLICIT_RETAIN_SELF = YES;
				CLANG_WARN_OBJC_LITERAL_CONVERSION = YES;
				CLANG_WARN_OBJC_ROOT_CLASS = YES_ERROR;
				CLANG_WARN_QUOTED_INCLUDE_IN_FRAMEWORK_HEADER = YES;
				CLANG_WARN_RANGE_LOOP_ANALYSIS = YES;
				CLANG_WARN_STRICT_PROTOTYPES = YES;
				CLANG_WARN_SUSPICIOUS_MOVE = YES;
				CLANG_WARN_UNGUARDED_AVAILABILITY = YES_AGGRESSIVE;
				CLANG_WARN_UNREACHABLE_CODE = YES;
				CLANG_WARN__DUPLICATE_METHOD_MATCH = YES;
				COPY_PHASE_STRIP = NO;
				DEBUG_INFORMATION_FORMAT = dwarf;
				ENABLE_STRICT_OBJC_MSGSEND = YES;
				ENABLE_TESTABILITY = YES;
				ENABLE_USER_SCRIPT_SANDBOXING = YES;
				GCC_C_LANGUAGE_STANDARD = gnu17;
				GCC_DYNAMIC_NO_PIC = NO;
				GCC_NO_COMMON_BLOCKS = YES;
				GCC_OPTIMIZATION_LEVEL = 0;
				GCC_PREPROCESSOR_DEFINITIONS = (
					"DEBUG=1",
					"$(inherited)",
				);
				GCC_WARN_64_TO_32_BIT_CONVERSION = YES;
				GCC_WARN_ABOUT_RETURN_TYPE = YES_ERROR;
				GCC_WARN_UNDECLARED_SELECTOR = YES;
				GCC_WARN_UNINITIALIZED_AUTOS = YES_AGGRESSIVE;
				GCC_WARN_UNUSED_FUNCTION = YES;
				GCC_WARN_UNUSED_VARIABLE = YES;
				IPHONEOS_DEPLOYMENT_TARGET = 17.4;
				LOCALIZATION_PREFERS_STRING_CATALOGS = YES;
				MTL_ENABLE_DEBUG_INFO = INCLUDE_SOURCE;
				MTL_FAST_MATH = YES;
				ONLY_ACTIVE_ARCH = YES;
				SDKROOT = iphoneos;
				SWIFT_ACTIVE_COMPILATION_CONDITIONS = "DEBUG $(inherited)";
				SWIFT_OPTIMIZATION_LEVEL = "-Onone";
			};
			name = Debug;
		};
		A78CD5DC2C59A3D80076C202 /* Release */ = {
			isa = XCBuildConfiguration;
			buildSettings = {
				ALWAYS_SEARCH_USER_PATHS = NO;
				ASSETCATALOG_COMPILER_GENERATE_SWIFT_ASSET_SYMBOL_EXTENSIONS = YES;
				CLANG_ANALYZER_NONNULL = YES;
				CLANG_ANALYZER_NUMBER_OBJECT_CONVERSION = YES_AGGRESSIVE;
				CLANG_CXX_LANGUAGE_STANDARD = "gnu++20";
				CLANG_ENABLE_MODULES = YES;
				CLANG_ENABLE_OBJC_ARC = YES;
				CLANG_ENABLE_OBJC_WEAK = YES;
				CLANG_WARN_BLOCK_CAPTURE_AUTORELEASING = YES;
				CLANG_WARN_BOOL_CONVERSION = YES;
				CLANG_WARN_COMMA = YES;
				CLANG_WARN_CONSTANT_CONVERSION = YES;
				CLANG_WARN_DEPRECATED_OBJC_IMPLEMENTATIONS = YES;
				CLANG_WARN_DIRECT_OBJC_ISA_USAGE = YES_ERROR;
				CLANG_WARN_DOCUMENTATION_COMMENTS = YES;
				CLANG_WARN_EMPTY_BODY = YES;
				CLANG_WARN_ENUM_CONVERSION = YES;
				CLANG_WARN_INFINITE_RECURSION = YES;
				CLANG_WARN_INT_CONVERSION = YES;
				CLANG_WARN_NON_LITERAL_NULL_CONVERSION = YES;
				CLANG_WARN_OBJC_IMPLICIT_RETAIN_SELF = YES;
				CLANG_WARN_OBJC_LITERAL_CONVERSION = YES;
				CLANG_WARN_OBJC_ROOT_CLASS = YES_ERROR;
				CLANG_WARN_QUOTED_INCLUDE_IN_FRAMEWORK_HEADER = YES;
				CLANG_WARN_RANGE_LOOP_ANALYSIS = YES;
				CLANG_WARN_STRICT_PROTOTYPES = YES;
				CLANG_WARN_SUSPICIOUS_MOVE = YES;
				CLANG_WARN_UNGUARDED_AVAILABILITY = YES_AGGRESSIVE;
				CLANG_WARN_UNREACHABLE_CODE = YES;
				CLANG_WARN__DUPLICATE_METHOD_MATCH = YES;
				COPY_PHASE_STRIP = NO;
				DEBUG_INFORMATION_FORMAT = "dwarf-with-dsym";
				ENABLE_NS_ASSERTIONS = NO;
				ENABLE_STRICT_OBJC_MSGSEND = YES;
				ENABLE_USER_SCRIPT_SANDBOXING = YES;
				GCC_C_LANGUAGE_STANDARD = gnu17;
				GCC_NO_COMMON_BLOCKS = YES;
				GCC_WARN_64_TO_32_BIT_CONVERSION = YES;
				GCC_WARN_ABOUT_RETURN_TYPE = YES_ERROR;
				GCC_WARN_UNDECLARED_SELECTOR = YES;
				GCC_WARN_UNINITIALIZED_AUTOS = YES_AGGRESSIVE;
				GCC_WARN_UNUSED_FUNCTION = YES;
				GCC_WARN_UNUSED_VARIABLE = YES;
				IPHONEOS_DEPLOYMENT_TARGET = 17.4;
				LOCALIZATION_PREFERS_STRING_CATALOGS = YES;
				MTL_ENABLE_DEBUG_INFO = NO;
				MTL_FAST_MATH = YES;
				SDKROOT = iphoneos;
				SWIFT_COMPILATION_MODE = wholemodule;
				VALIDATE_PRODUCT = YES;
			};
			name = Release;
		};
		A78CD5DE2C59A3D80076C202 /* Debug */ = {
			isa = XCBuildConfiguration;
			buildSettings = {
				ASSETCATALOG_COMPILER_APPICON_NAME = AppIcon;
				ASSETCATALOG_COMPILER_GLOBAL_ACCENT_COLOR_NAME = AccentColor;
				CODE_SIGN_STYLE = Automatic;
				CURRENT_PROJECT_VERSION = 1;
				DEVELOPMENT_ASSET_PATHS = "\"TinderClone/Preview Content\"";
				DEVELOPMENT_TEAM = 2DN75KGK6S;
				ENABLE_PREVIEWS = YES;
				GENERATE_INFOPLIST_FILE = YES;
				INFOPLIST_KEY_UIApplicationSceneManifest_Generation = YES;
				INFOPLIST_KEY_UIApplicationSupportsIndirectInputEvents = YES;
				INFOPLIST_KEY_UILaunchScreen_Generation = YES;
				INFOPLIST_KEY_UISupportedInterfaceOrientations_iPad = "UIInterfaceOrientationPortrait UIInterfaceOrientationPortraitUpsideDown UIInterfaceOrientationLandscapeLeft UIInterfaceOrientationLandscapeRight";
				INFOPLIST_KEY_UISupportedInterfaceOrientations_iPhone = "UIInterfaceOrientationPortrait UIInterfaceOrientationLandscapeLeft UIInterfaceOrientationLandscapeRight";
				LD_RUNPATH_SEARCH_PATHS = (
					"$(inherited)",
					"@executable_path/Frameworks",
				);
				MARKETING_VERSION = 1.0;
				PRODUCT_BUNDLE_IDENTIFIER = com.joanna.TinderClone;
				PRODUCT_NAME = "$(TARGET_NAME)";
				SWIFT_EMIT_LOC_STRINGS = YES;
				SWIFT_VERSION = 5.0;
				TARGETED_DEVICE_FAMILY = "1,2";
			};
			name = Debug;
		};
		A78CD5DF2C59A3D80076C202 /* Release */ = {
			isa = XCBuildConfiguration;
			buildSettings = {
				ASSETCATALOG_COMPILER_APPICON_NAME = AppIcon;
				ASSETCATALOG_COMPILER_GLOBAL_ACCENT_COLOR_NAME = AccentColor;
				CODE_SIGN_STYLE = Automatic;
				CURRENT_PROJECT_VERSION = 1;
				DEVELOPMENT_ASSET_PATHS = "\"TinderClone/Preview Content\"";
				DEVELOPMENT_TEAM = 2DN75KGK6S;
				ENABLE_PREVIEWS = YES;
				GENERATE_INFOPLIST_FILE = YES;
				INFOPLIST_KEY_UIApplicationSceneManifest_Generation = YES;
				INFOPLIST_KEY_UIApplicationSupportsIndirectInputEvents = YES;
				INFOPLIST_KEY_UILaunchScreen_Generation = YES;
				INFOPLIST_KEY_UISupportedInterfaceOrientations_iPad = "UIInterfaceOrientationPortrait UIInterfaceOrientationPortraitUpsideDown UIInterfaceOrientationLandscapeLeft UIInterfaceOrientationLandscapeRight";
				INFOPLIST_KEY_UISupportedInterfaceOrientations_iPhone = "UIInterfaceOrientationPortrait UIInterfaceOrientationLandscapeLeft UIInterfaceOrientationLandscapeRight";
				LD_RUNPATH_SEARCH_PATHS = (
					"$(inherited)",
					"@executable_path/Frameworks",
				);
				MARKETING_VERSION = 1.0;
				PRODUCT_BUNDLE_IDENTIFIER = com.joanna.TinderClone;
				PRODUCT_NAME = "$(TARGET_NAME)";
				SWIFT_EMIT_LOC_STRINGS = YES;
				SWIFT_VERSION = 5.0;
				TARGETED_DEVICE_FAMILY = "1,2";
			};
			name = Release;
		};
		A78CD5E12C59A3D80076C202 /* Debug */ = {
			isa = XCBuildConfiguration;
			buildSettings = {
				ALWAYS_EMBED_SWIFT_STANDARD_LIBRARIES = YES;
				BUNDLE_LOADER = "$(TEST_HOST)";
				CODE_SIGN_STYLE = Automatic;
				CURRENT_PROJECT_VERSION = 1;
				DEVELOPMENT_TEAM = 2DN75KGK6S;
				GENERATE_INFOPLIST_FILE = YES;
				IPHONEOS_DEPLOYMENT_TARGET = 17.4;
				MARKETING_VERSION = 1.0;
				PRODUCT_BUNDLE_IDENTIFIER = com.joanna.TinderCloneTests;
				PRODUCT_NAME = "$(TARGET_NAME)";
				SWIFT_EMIT_LOC_STRINGS = NO;
				SWIFT_VERSION = 5.0;
				TARGETED_DEVICE_FAMILY = "1,2";
				TEST_HOST = "$(BUILT_PRODUCTS_DIR)/TinderClone.app/$(BUNDLE_EXECUTABLE_FOLDER_PATH)/TinderClone";
			};
			name = Debug;
		};
		A78CD5E22C59A3D80076C202 /* Release */ = {
			isa = XCBuildConfiguration;
			buildSettings = {
				ALWAYS_EMBED_SWIFT_STANDARD_LIBRARIES = YES;
				BUNDLE_LOADER = "$(TEST_HOST)";
				CODE_SIGN_STYLE = Automatic;
				CURRENT_PROJECT_VERSION = 1;
				DEVELOPMENT_TEAM = 2DN75KGK6S;
				GENERATE_INFOPLIST_FILE = YES;
				IPHONEOS_DEPLOYMENT_TARGET = 17.4;
				MARKETING_VERSION = 1.0;
				PRODUCT_BUNDLE_IDENTIFIER = com.joanna.TinderCloneTests;
				PRODUCT_NAME = "$(TARGET_NAME)";
				SWIFT_EMIT_LOC_STRINGS = NO;
				SWIFT_VERSION = 5.0;
				TARGETED_DEVICE_FAMILY = "1,2";
				TEST_HOST = "$(BUILT_PRODUCTS_DIR)/TinderClone.app/$(BUNDLE_EXECUTABLE_FOLDER_PATH)/TinderClone";
			};
			name = Release;
		};
		A78CD5E42C59A3D80076C202 /* Debug */ = {
			isa = XCBuildConfiguration;
			buildSettings = {
				ALWAYS_EMBED_SWIFT_STANDARD_LIBRARIES = YES;
				CODE_SIGN_STYLE = Automatic;
				CURRENT_PROJECT_VERSION = 1;
				DEVELOPMENT_TEAM = 2DN75KGK6S;
				GENERATE_INFOPLIST_FILE = YES;
				MARKETING_VERSION = 1.0;
				PRODUCT_BUNDLE_IDENTIFIER = com.joanna.TinderCloneUITests;
				PRODUCT_NAME = "$(TARGET_NAME)";
				SWIFT_EMIT_LOC_STRINGS = NO;
				SWIFT_VERSION = 5.0;
				TARGETED_DEVICE_FAMILY = "1,2";
				TEST_TARGET_NAME = TinderClone;
			};
			name = Debug;
		};
		A78CD5E52C59A3D80076C202 /* Release */ = {
			isa = XCBuildConfiguration;
			buildSettings = {
				ALWAYS_EMBED_SWIFT_STANDARD_LIBRARIES = YES;
				CODE_SIGN_STYLE = Automatic;
				CURRENT_PROJECT_VERSION = 1;
				DEVELOPMENT_TEAM = 2DN75KGK6S;
				GENERATE_INFOPLIST_FILE = YES;
				MARKETING_VERSION = 1.0;
				PRODUCT_BUNDLE_IDENTIFIER = com.joanna.TinderCloneUITests;
				PRODUCT_NAME = "$(TARGET_NAME)";
				SWIFT_EMIT_LOC_STRINGS = NO;
				SWIFT_VERSION = 5.0;
				TARGETED_DEVICE_FAMILY = "1,2";
				TEST_TARGET_NAME = TinderClone;
			};
			name = Release;
		};
/* End XCBuildConfiguration section */

/* Begin XCConfigurationList section */
		A78CD5B42C59A3D70076C202 /* Build configuration list for PBXProject "TinderClone" */ = {
			isa = XCConfigurationList;
			buildConfigurations = (
				A78CD5DB2C59A3D80076C202 /* Debug */,
				A78CD5DC2C59A3D80076C202 /* Release */,
			);
			defaultConfigurationIsVisible = 0;
			defaultConfigurationName = Release;
		};
		A78CD5DD2C59A3D80076C202 /* Build configuration list for PBXNativeTarget "TinderClone" */ = {
			isa = XCConfigurationList;
			buildConfigurations = (
				A78CD5DE2C59A3D80076C202 /* Debug */,
				A78CD5DF2C59A3D80076C202 /* Release */,
			);
			defaultConfigurationIsVisible = 0;
			defaultConfigurationName = Release;
		};
		A78CD5E02C59A3D80076C202 /* Build configuration list for PBXNativeTarget "TinderCloneTests" */ = {
			isa = XCConfigurationList;
			buildConfigurations = (
				A78CD5E12C59A3D80076C202 /* Debug */,
				A78CD5E22C59A3D80076C202 /* Release */,
			);
			defaultConfigurationIsVisible = 0;
			defaultConfigurationName = Release;
		};
		A78CD5E32C59A3D80076C202 /* Build configuration list for PBXNativeTarget "TinderCloneUITests" */ = {
			isa = XCConfigurationList;
			buildConfigurations = (
				A78CD5E42C59A3D80076C202 /* Debug */,
				A78CD5E52C59A3D80076C202 /* Release */,
			);
			defaultConfigurationIsVisible = 0;
			defaultConfigurationName = Release;
		};
/* End XCConfigurationList section */
	};
	rootObject = A78CD5B12C59A3D70076C202 /* Project object */;
}
